<?xml version="1.0" encoding="utf-8"?>
<Project ToolsVersion="4.0" xmlns="http://schemas.microsoft.com/developer/msbuild/2003">
  <ItemGroup>
    <Filter Include="Source Files">
      <UniqueIdentifier>{4FC737F1-C7A5-4376-A066-2A32D752A2FF}</UniqueIdentifier>
      <Extensions>cpp;c;cc;cxx;c++;cppm;ixx;def;odl;idl;hpj;bat;asm;asmx</Extensions>
    </Filter>
    <Filter Include="Header Files">
      <UniqueIdentifier>{93995380-89BD-4b04-88EB-625FBE52EBFB}</UniqueIdentifier>
      <Extensions>h;hh;hpp;hxx;h++;hm;inl;inc;ipp;xsd</Extensions>
    </Filter>
    <Filter Include="Resource Files">
      <UniqueIdentifier>{67DA6AB6-F800-4c08-8B7A-83BB121AAD01}</UniqueIdentifier>
      <Extensions>rc;ico;cur;bmp;dlg;rc2;rct;bin;rgs;gif;jpg;jpeg;jpe;resx;tiff;tif;png;wav;mfcribbon-ms</Extensions>
    </Filter>
    <Filter Include="Day1">
      <UniqueIdentifier>{8d1a5f7e-73bd-4561-b64a-8ce43fd43be3}</UniqueIdentifier>
    </Filter>
    <Filter Include="inputs">
      <UniqueIdentifier>{4d4d700f-5123-4d61-93c8-9201087cd568}</UniqueIdentifier>
    </Filter>
    <Filter Include="Day2">
      <UniqueIdentifier>{ba620078-9508-42f7-83b5-0a76714c4abd}</UniqueIdentifier>
    </Filter>
  </ItemGroup>
  <ItemGroup>
    <ClCompile Include="AoC2021.cpp">
      <Filter>Source Files</Filter>
    </ClCompile>
    <ClCompile Include="DepthMeassurment.cpp">
      <Filter>Day1</Filter>
    </ClCompile>
    <ClCompile Include="SubMarine.cpp">
      <Filter>Day2</Filter>
    </ClCompile>
    <ClCompile Include="BinaryDiagnostic.cpp">
      <Filter>Source Files</Filter>
    </ClCompile>
    <ClCompile Include="BingoBoard.cpp">
      <Filter>Source Files</Filter>
    </ClCompile>
    <ClCompile Include="HydrothermalVents.cpp">
      <Filter>Source Files</Filter>
    </ClCompile>
    <ClCompile Include="Lanternfish.cpp">
      <Filter>Source Files</Filter>
    </ClCompile>
    <ClCompile Include="Crabs.cpp">
      <Filter>Source Files</Filter>
    </ClCompile>
    <ClCompile Include="SevenSegment.cpp">
      <Filter>Source Files</Filter>
    </ClCompile>
    <ClCompile Include="LowPoints.cpp">
      <Filter>Source Files</Filter>
    </ClCompile>
  </ItemGroup>
  <ItemGroup>
    <ClInclude Include="DepthMeassurment.hpp">
      <Filter>Day1</Filter>
    </ClInclude>
    <ClInclude Include="inputs.hpp">
      <Filter>inputs</Filter>
    </ClInclude>
    <ClInclude Include="input\day1.hpp">
      <Filter>inputs</Filter>
    </ClInclude>
    <ClInclude Include="SubMarine.hpp">
      <Filter>Day2</Filter>
    </ClInclude>
    <ClInclude Include="input\day2.hpp">
      <Filter>Header Files</Filter>
    </ClInclude>
    <ClInclude Include="input\day3.hpp">
      <Filter>Header Files</Filter>
    </ClInclude>
    <ClInclude Include="BinaryDiagnostic.hpp">
      <Filter>Header Files</Filter>
    </ClInclude>
    <ClInclude Include="BingoBoard.hpp">
      <Filter>Header Files</Filter>
    </ClInclude>
    <ClInclude Include="input\day4.hpp">
      <Filter>Header Files</Filter>
    </ClInclude>
    <ClInclude Include="HydrothermalVents.hpp">
      <Filter>Header Files</Filter>
    </ClInclude>
    <ClInclude Include="input\day5.hpp">
      <Filter>Header Files</Filter>
    </ClInclude>
    <ClInclude Include="input\day6.hpp">
      <Filter>Header Files</Filter>
    </ClInclude>
    <ClInclude Include="Lanternfish.hpp">
      <Filter>Header Files</Filter>
    </ClInclude>
    <ClInclude Include="input\day7.hpp">
      <Filter>Header Files</Filter>
    </ClInclude>
    <ClInclude Include="Crabs.hpp">
      <Filter>Header Files</Filter>
    </ClInclude>
    <ClInclude Include="input\day8.hpp">
      <Filter>Header Files</Filter>
    </ClInclude>
    <ClInclude Include="SevenSegment.hpp">
      <Filter>Header Files</Filter>
    </ClInclude>
    <ClInclude Include="input\day9.hpp">
      <Filter>Header Files</Filter>
    </ClInclude>
    <ClInclude Include="LowPoints.hpp">
      <Filter>Header Files</Filter>
    </ClInclude>
  </ItemGroup>
</Project>